github.com/envplane/contracts v0.1.49 h1:Qfx6bmzDO1JN3GFQzrRCsh8LcEqWd867z1PHmXzZaLM=
github.com/envplane/contracts v0.1.49/go.mod h1:/aVUc5NCmh/amgea7odPI1YxjxLf2dfFDvuOieTUgYs=
github.com/envplane/contracts v0.1.54 h1:6QHMm2ESedGXGWhlXJbqTSSG/+IkCfOjxzYqL2DZ/bk=
github.com/envplane/contracts v0.1.54/go.mod h1:/aVUc5NCmh/amgea7odPI1YxjxLf2dfFDvuOieTUgYs=
github.com/envplane/contracts v0.1.55 h1:XNrOqdp2828BmUKsnQ2smoPLUHXOgSx7ia6o+1YVBiI=
github.com/envplane/contracts v0.1.55/go.mod h1:/aVUc5NCmh/amgea7odPI1YxjxLf2dfFDvuOieTUgYs=
github.com/envplane/contracts v0.1.56 h1:flGHxMyuEOcd0XTQtcwxDeIK+kG5JXr7B6AtSjkz3Ok=
github.com/envplane/contracts v0.1.56/go.mod h1:/aVUc5NCmh/amgea7odPI1YxjxLf2dfFDvuOieTUgYs=
