github.com/envplane/contracts v0.1.93 h1:t7jLXoZ6+EeCi6/0sPiqFN0ENZHGCUWIbb2PzzdTQPg=
github.com/envplane/contracts v0.1.93/go.mod h1:/aVUc5NCmh/amgea7odPI1YxjxLf2dfFDvuOieTUgYs=
github.com/envplane/contracts v0.1.94 h1:+79Trmp61i4Bpg9SAf+F63ER1hYPK6jUhRzzpXduncs=
github.com/envplane/contracts v0.1.94/go.mod h1:/aVUc5NCmh/amgea7odPI1YxjxLf2dfFDvuOieTUgYs=
github.com/envplane/contracts v0.1.97 h1:0/gwxWL62hHofws/DozZDQuUNndllkxdV+zpIqOmIDA=
github.com/envplane/contracts v0.1.97/go.mod h1:/aVUc5NCmh/amgea7odPI1YxjxLf2dfFDvuOieTUgYs=
github.com/envplane/contracts v0.1.102 h1:/B57QxfKFz8ZG513gLW8iyfUPeAVegA6jah3Q/LU0PY=
github.com/envplane/contracts v0.1.102/go.mod h1:/aVUc5NCmh/amgea7odPI1YxjxLf2dfFDvuOieTUgYs=
github.com/envplane/contracts v0.1.103 h1:qtwYgsoH5k8S5M1yVdMywXntRB3LF5df9z5rG2Ry/tM=
github.com/envplane/contracts v0.1.103/go.mod h1:/aVUc5NCmh/amgea7odPI1YxjxLf2dfFDvuOieTUgYs=
github.com/envplane/contracts v0.1.104 h1:hR0Qm1K/fLkm6rsqn/SQpC+rS02NBM+KBLOP8yrm/iw=
github.com/envplane/contracts v0.1.104/go.mod h1:/aVUc5NCmh/amgea7odPI1YxjxLf2dfFDvuOieTUgYs=
github.com/envplane/contracts v0.1.105 h1:S8M+x5QW9rYASKPYnmtVvZTLtgSosNMX1KLAjAZGQoM=
github.com/envplane/contracts v0.1.105/go.mod h1:/aVUc5NCmh/amgea7odPI1YxjxLf2dfFDvuOieTUgYs=
